
Microsoft Visual Studio Solution File, Format Version 12.00
# Visual Studio Version 16
VisualStudioVersion = 16.0.808.3
MinimumVisualStudioVersion = 10.0.40219.1
Project("{FAE04EC0-301F-11D3-BF4B-00C04F79EFBC}") = "AdventOfCode2020", "AdventOfCode2020\AdventOfCode2020.csproj", "{9E79C757-CCA9-4F23-A52F-E316384AAFBF}"
EndProject
Global
	GlobalSection(SolutionConfigurationPlatforms) = preSolution
		Debug|Any CPU = Debug|Any CPU
		Release|Any CPU = Release|Any CPU
	EndGlobalSection
	GlobalSection(ProjectConfigurationPlatforms) = postSolution
		{9E79C757-CCA9-4F23-A52F-E316384AAFBF}.Debug|Any CPU.ActiveCfg = Debug|Any CPU
		{9E79C757-CCA9-4F23-A52F-E316384AAFBF}.Debug|Any CPU.Build.0 = Debug|Any CPU
		{9E79C757-CCA9-4F23-A52F-E316384AAFBF}.Release|Any CPU.ActiveCfg = Release|Any CPU
		{9E79C757-CCA9-4F23-A52F-E316384AAFBF}.Release|Any CPU.Build.0 = Release|Any CPU
	EndGlobalSection
	GlobalSection(SolutionProperties) = preSolution
		HideSolutionNode = FALSE
	EndGlobalSection
	GlobalSection(ExtensibilityGlobals) = postSolution
		SolutionGuid = {B6D95D05-EB65-4632-A07F-181F0FDFEF1A}
	EndGlobalSection
EndGlobal
